
Microsoft Visual Studio Solution File, Format Version 12.00
# Visual Studio 2012
Project("{2150E333-8FDC-42A3-9474-1A3956D46DE8}") = "IoC", "IoC", "{BA6AED3B-A22D-4E1B-9ECD-E18D9ED89DCC}"
EndProject
Project("{FAE04EC0-301F-11D3-BF4B-00C04F79EFBC}") = "Cherry.IoC.Contracts.Portable", "IoC\Cherry.IoC.Contracts.Portable\Cherry.IoC.Contracts.Portable.csproj", "{09FA70B5-96BA-40A3-94BD-F5E22E0821F4}"
EndProject
Project("{FAE04EC0-301F-11D3-BF4B-00C04F79EFBC}") = "Cherry.IoC.Unity", "IoC\Cherry.IoC.Unity\Cherry.IoC.Unity.csproj", "{67E81726-84D8-4A15-BBC3-BDAE7A1DF032}"
EndProject
Project("{FAE04EC0-301F-11D3-BF4B-00C04F79EFBC}") = "Cherry.IoC.Ninject", "IoC\Cherry.IoC.Ninject\Cherry.IoC.Ninject.csproj", "{70180B9E-284E-4EED-8ED8-431EDF955492}"
EndProject
Project("{2150E333-8FDC-42A3-9474-1A3956D46DE8}") = "Tests", "Tests", "{A5C846D0-7869-4317-88C9-6239D8C192E6}"
EndProject
Project("{FAE04EC0-301F-11D3-BF4B-00C04F79EFBC}") = "Cherry.IoC.Unity.Tests", "IoC\Cherry.IoC.Unity.Tests\Cherry.IoC.Unity.Tests.csproj", "{BA23456C-AB86-4DC5-A07D-CCA337B3E9DF}"
EndProject
Project("{FAE04EC0-301F-11D3-BF4B-00C04F79EFBC}") = "Cherry.IoC.Ninject.Tests", "IoC\Cherry.IoC.Ninject.Tests\Cherry.IoC.Ninject.Tests.csproj", "{F6CB3627-DE2E-4D48-8003-59C108CF3439}"
EndProject
Project("{2150E333-8FDC-42A3-9474-1A3956D46DE8}") = "MessageBus", "MessageBus", "{2D5D5369-3019-4106-8845-5BF009D145AB}"
EndProject
Project("{2150E333-8FDC-42A3-9474-1A3956D46DE8}") = "Navigation", "Navigation", "{A0606E4C-C78D-48D3-8861-65C2CFCF4270}"
EndProject
Project("{2150E333-8FDC-42A3-9474-1A3956D46DE8}") = "Progress", "Progress", "{0B3F0EB5-E164-45C4-8BF0-C68E1078995A}"
EndProject
Project("{FAE04EC0-301F-11D3-BF4B-00C04F79EFBC}") = "Cherry.MessageBus.Contracts.Portable", "MessageBus\Cherry.MessageBus.Contracts.Portable\Cherry.MessageBus.Contracts.Portable.csproj", "{7DAF2538-C9D2-4A52-A192-5D677E67FD0B}"
EndProject
Project("{2150E333-8FDC-42A3-9474-1A3956D46DE8}") = "Dispatching", "Dispatching", "{F6E7B77F-7C3C-4ABE-B927-D33181491174}"
EndProject
Project("{FAE04EC0-301F-11D3-BF4B-00C04F79EFBC}") = "Cherry.MessageBus.Cherry.Portable", "MessageBus\Cherry.MessageBus.Cherry.Portable\Cherry.MessageBus.Cherry.Portable.csproj", "{9F7A00FE-38AD-4D31-AE9B-5A00989BB4BB}"
EndProject
Project("{FAE04EC0-301F-11D3-BF4B-00C04F79EFBC}") = "Cherry.MessageBus.Prism.Net45", "MessageBus\Cherry.MessageBus.Prism.Net45\Cherry.MessageBus.Prism.Net45.csproj", "{8153BCF0-4109-4A80-800C-FEC3AF8795DC}"
EndProject
Project("{2150E333-8FDC-42A3-9474-1A3956D46DE8}") = "Tests", "Tests", "{8F08E4D4-C415-4178-AC9E-3468D042A4A1}"
EndProject
Project("{FAE04EC0-301F-11D3-BF4B-00C04F79EFBC}") = "Cherry.MessageBus.Cherry.Portable.Tests", "MessageBus\Cherry.MessageBus.Cherry.Portable.Tests\Cherry.MessageBus.Cherry.Portable.Tests.csproj", "{7CF1613F-F53B-4A67-8C07-009E2751E68F}"
EndProject
Project("{FAE04EC0-301F-11D3-BF4B-00C04F79EFBC}") = "Cherry.MessageBus.Prism.Net45.Tests", "MessageBus\Cherry.MessageBus.Prism.Net45.Tests\Cherry.MessageBus.Prism.Net45.Tests.csproj", "{4EF5518B-25C5-4BD8-899B-4F48A77BCCF5}"
EndProject
Project("{FAE04EC0-301F-11D3-BF4B-00C04F79EFBC}") = "Cherry.IoC.Cherry.Portable", "IoC\Cherry.IoC.Cherry.Portable\Cherry.IoC.Cherry.Portable.csproj", "{97EDAF9E-6591-4587-8F06-4463D0A0C11B}"
EndProject
Project("{FAE04EC0-301F-11D3-BF4B-00C04F79EFBC}") = "Cherry.IoC.Cherry.Portable.Tests", "IoC\Cherry.IoC.Cherry.Portable.Tests\Cherry.IoC.Cherry.Portable.Tests.csproj", "{3D8E558B-1AAC-4755-8399-1045E1FC488D}"
EndProject
Global
	GlobalSection(SolutionConfigurationPlatforms) = preSolution
		Debug|Any CPU = Debug|Any CPU
		Release|Any CPU = Release|Any CPU
	EndGlobalSection
	GlobalSection(ProjectConfigurationPlatforms) = postSolution
		{09FA70B5-96BA-40A3-94BD-F5E22E0821F4}.Debug|Any CPU.ActiveCfg = Debug|Any CPU
		{09FA70B5-96BA-40A3-94BD-F5E22E0821F4}.Debug|Any CPU.Build.0 = Debug|Any CPU
		{09FA70B5-96BA-40A3-94BD-F5E22E0821F4}.Release|Any CPU.ActiveCfg = Release|Any CPU
		{09FA70B5-96BA-40A3-94BD-F5E22E0821F4}.Release|Any CPU.Build.0 = Release|Any CPU
		{67E81726-84D8-4A15-BBC3-BDAE7A1DF032}.Debug|Any CPU.ActiveCfg = Debug|Any CPU
		{67E81726-84D8-4A15-BBC3-BDAE7A1DF032}.Debug|Any CPU.Build.0 = Debug|Any CPU
		{67E81726-84D8-4A15-BBC3-BDAE7A1DF032}.Release|Any CPU.ActiveCfg = Release|Any CPU
		{67E81726-84D8-4A15-BBC3-BDAE7A1DF032}.Release|Any CPU.Build.0 = Release|Any CPU
		{70180B9E-284E-4EED-8ED8-431EDF955492}.Debug|Any CPU.ActiveCfg = Debug|Any CPU
		{70180B9E-284E-4EED-8ED8-431EDF955492}.Debug|Any CPU.Build.0 = Debug|Any CPU
		{70180B9E-284E-4EED-8ED8-431EDF955492}.Release|Any CPU.ActiveCfg = Release|Any CPU
		{70180B9E-284E-4EED-8ED8-431EDF955492}.Release|Any CPU.Build.0 = Release|Any CPU
		{BA23456C-AB86-4DC5-A07D-CCA337B3E9DF}.Debug|Any CPU.ActiveCfg = Debug|Any CPU
		{BA23456C-AB86-4DC5-A07D-CCA337B3E9DF}.Debug|Any CPU.Build.0 = Debug|Any CPU
		{BA23456C-AB86-4DC5-A07D-CCA337B3E9DF}.Release|Any CPU.ActiveCfg = Release|Any CPU
		{BA23456C-AB86-4DC5-A07D-CCA337B3E9DF}.Release|Any CPU.Build.0 = Release|Any CPU
		{F6CB3627-DE2E-4D48-8003-59C108CF3439}.Debug|Any CPU.ActiveCfg = Debug|Any CPU
		{F6CB3627-DE2E-4D48-8003-59C108CF3439}.Debug|Any CPU.Build.0 = Debug|Any CPU
		{F6CB3627-DE2E-4D48-8003-59C108CF3439}.Release|Any CPU.ActiveCfg = Release|Any CPU
		{F6CB3627-DE2E-4D48-8003-59C108CF3439}.Release|Any CPU.Build.0 = Release|Any CPU
		{7DAF2538-C9D2-4A52-A192-5D677E67FD0B}.Debug|Any CPU.ActiveCfg = Debug|Any CPU
		{7DAF2538-C9D2-4A52-A192-5D677E67FD0B}.Debug|Any CPU.Build.0 = Debug|Any CPU
		{7DAF2538-C9D2-4A52-A192-5D677E67FD0B}.Release|Any CPU.ActiveCfg = Release|Any CPU
		{7DAF2538-C9D2-4A52-A192-5D677E67FD0B}.Release|Any CPU.Build.0 = Release|Any CPU
		{9F7A00FE-38AD-4D31-AE9B-5A00989BB4BB}.Debug|Any CPU.ActiveCfg = Debug|Any CPU
		{9F7A00FE-38AD-4D31-AE9B-5A00989BB4BB}.Debug|Any CPU.Build.0 = Debug|Any CPU
		{9F7A00FE-38AD-4D31-AE9B-5A00989BB4BB}.Release|Any CPU.ActiveCfg = Release|Any CPU
		{9F7A00FE-38AD-4D31-AE9B-5A00989BB4BB}.Release|Any CPU.Build.0 = Release|Any CPU
		{8153BCF0-4109-4A80-800C-FEC3AF8795DC}.Debug|Any CPU.ActiveCfg = Debug|Any CPU
		{8153BCF0-4109-4A80-800C-FEC3AF8795DC}.Debug|Any CPU.Build.0 = Debug|Any CPU
		{8153BCF0-4109-4A80-800C-FEC3AF8795DC}.Release|Any CPU.ActiveCfg = Release|Any CPU
		{8153BCF0-4109-4A80-800C-FEC3AF8795DC}.Release|Any CPU.Build.0 = Release|Any CPU
		{7CF1613F-F53B-4A67-8C07-009E2751E68F}.Debug|Any CPU.ActiveCfg = Debug|Any CPU
		{7CF1613F-F53B-4A67-8C07-009E2751E68F}.Debug|Any CPU.Build.0 = Debug|Any CPU
		{7CF1613F-F53B-4A67-8C07-009E2751E68F}.Release|Any CPU.ActiveCfg = Release|Any CPU
		{7CF1613F-F53B-4A67-8C07-009E2751E68F}.Release|Any CPU.Build.0 = Release|Any CPU
		{4EF5518B-25C5-4BD8-899B-4F48A77BCCF5}.Debug|Any CPU.ActiveCfg = Debug|Any CPU
		{4EF5518B-25C5-4BD8-899B-4F48A77BCCF5}.Debug|Any CPU.Build.0 = Debug|Any CPU
		{4EF5518B-25C5-4BD8-899B-4F48A77BCCF5}.Release|Any CPU.ActiveCfg = Release|Any CPU
		{4EF5518B-25C5-4BD8-899B-4F48A77BCCF5}.Release|Any CPU.Build.0 = Release|Any CPU
		{97EDAF9E-6591-4587-8F06-4463D0A0C11B}.Debug|Any CPU.ActiveCfg = Debug|Any CPU
		{97EDAF9E-6591-4587-8F06-4463D0A0C11B}.Debug|Any CPU.Build.0 = Debug|Any CPU
		{97EDAF9E-6591-4587-8F06-4463D0A0C11B}.Release|Any CPU.ActiveCfg = Release|Any CPU
		{97EDAF9E-6591-4587-8F06-4463D0A0C11B}.Release|Any CPU.Build.0 = Release|Any CPU
		{3D8E558B-1AAC-4755-8399-1045E1FC488D}.Debug|Any CPU.ActiveCfg = Debug|Any CPU
		{3D8E558B-1AAC-4755-8399-1045E1FC488D}.Debug|Any CPU.Build.0 = Debug|Any CPU
		{3D8E558B-1AAC-4755-8399-1045E1FC488D}.Release|Any CPU.ActiveCfg = Release|Any CPU
		{3D8E558B-1AAC-4755-8399-1045E1FC488D}.Release|Any CPU.Build.0 = Release|Any CPU
	EndGlobalSection
	GlobalSection(SolutionProperties) = preSolution
		HideSolutionNode = FALSE
	EndGlobalSection
	GlobalSection(NestedProjects) = preSolution
		{09FA70B5-96BA-40A3-94BD-F5E22E0821F4} = {BA6AED3B-A22D-4E1B-9ECD-E18D9ED89DCC}
		{67E81726-84D8-4A15-BBC3-BDAE7A1DF032} = {BA6AED3B-A22D-4E1B-9ECD-E18D9ED89DCC}
		{70180B9E-284E-4EED-8ED8-431EDF955492} = {BA6AED3B-A22D-4E1B-9ECD-E18D9ED89DCC}
		{A5C846D0-7869-4317-88C9-6239D8C192E6} = {BA6AED3B-A22D-4E1B-9ECD-E18D9ED89DCC}
		{97EDAF9E-6591-4587-8F06-4463D0A0C11B} = {BA6AED3B-A22D-4E1B-9ECD-E18D9ED89DCC}
		{BA23456C-AB86-4DC5-A07D-CCA337B3E9DF} = {A5C846D0-7869-4317-88C9-6239D8C192E6}
		{F6CB3627-DE2E-4D48-8003-59C108CF3439} = {A5C846D0-7869-4317-88C9-6239D8C192E6}
		{3D8E558B-1AAC-4755-8399-1045E1FC488D} = {A5C846D0-7869-4317-88C9-6239D8C192E6}
		{7DAF2538-C9D2-4A52-A192-5D677E67FD0B} = {2D5D5369-3019-4106-8845-5BF009D145AB}
		{9F7A00FE-38AD-4D31-AE9B-5A00989BB4BB} = {2D5D5369-3019-4106-8845-5BF009D145AB}
		{8153BCF0-4109-4A80-800C-FEC3AF8795DC} = {2D5D5369-3019-4106-8845-5BF009D145AB}
		{8F08E4D4-C415-4178-AC9E-3468D042A4A1} = {2D5D5369-3019-4106-8845-5BF009D145AB}
		{7CF1613F-F53B-4A67-8C07-009E2751E68F} = {8F08E4D4-C415-4178-AC9E-3468D042A4A1}
		{4EF5518B-25C5-4BD8-899B-4F48A77BCCF5} = {8F08E4D4-C415-4178-AC9E-3468D042A4A1}
	EndGlobalSection
EndGlobal
